
Microsoft Visual Studio Solution File, Format Version 12.00
# Visual Studio 15
VisualStudioVersion = 15.0.28307.1000
MinimumVisualStudioVersion = 10.0.40219.1
Project("{FAE04EC0-301F-11D3-BF4B-00C04F79EFBC}") = "RentCourse", "RentCourse\RentCourse.csproj", "{C03FE9C5-720F-4C0F-B349-69B5B739935C}"
EndProject
Global
	GlobalSection(SolutionConfigurationPlatforms) = preSolution
		Debug|Any CPU = Debug|Any CPU
		Release|Any CPU = Release|Any CPU
	EndGlobalSection
	GlobalSection(ProjectConfigurationPlatforms) = postSolution
		{C03FE9C5-720F-4C0F-B349-69B5B739935C}.Debug|Any CPU.ActiveCfg = Debug|Any CPU
		{C03FE9C5-720F-4C0F-B349-69B5B739935C}.Debug|Any CPU.Build.0 = Debug|Any CPU
		{C03FE9C5-720F-4C0F-B349-69B5B739935C}.Release|Any CPU.ActiveCfg = Release|Any CPU
		{C03FE9C5-720F-4C0F-B349-69B5B739935C}.Release|Any CPU.Build.0 = Release|Any CPU
	EndGlobalSection
	GlobalSection(SolutionProperties) = preSolution
		HideSolutionNode = FALSE
	EndGlobalSection
	GlobalSection(ExtensibilityGlobals) = postSolution
		SolutionGuid = {B98A6889-D787-4DA3-8CD9-0F030AB76C7E}
	EndGlobalSection
EndGlobal
